
Microsoft Visual Studio Solution File, Format Version 12.00
# Visual Studio Version 17
VisualStudioVersion = 17.4.33403.182
MinimumVisualStudioVersion = 10.0.40219.1
Project("{FAE04EC0-301F-11D3-BF4B-00C04F79EFBC}") = "ConsoleAppHello", "ConsoleAppHello\ConsoleAppHello.csproj", "{3060B1E6-4E45-4259-AA0A-C9A8EE6CAFD7}"
EndProject
Global
	GlobalSection(SolutionConfigurationPlatforms) = preSolution
		Debug|Any CPU = Debug|Any CPU
		Release|Any CPU = Release|Any CPU
	EndGlobalSection
	GlobalSection(ProjectConfigurationPlatforms) = postSolution
		{3060B1E6-4E45-4259-AA0A-C9A8EE6CAFD7}.Debug|Any CPU.ActiveCfg = Debug|Any CPU
		{3060B1E6-4E45-4259-AA0A-C9A8EE6CAFD7}.Debug|Any CPU.Build.0 = Debug|Any CPU
		{3060B1E6-4E45-4259-AA0A-C9A8EE6CAFD7}.Release|Any CPU.ActiveCfg = Release|Any CPU
		{3060B1E6-4E45-4259-AA0A-C9A8EE6CAFD7}.Release|Any CPU.Build.0 = Release|Any CPU
	EndGlobalSection
	GlobalSection(SolutionProperties) = preSolution
		HideSolutionNode = FALSE
	EndGlobalSection
	GlobalSection(ExtensibilityGlobals) = postSolution
		SolutionGuid = {5B4EAE10-0DA1-40AE-AA2A-35A8E2BA5321}
	EndGlobalSection
EndGlobal
